
Microsoft Visual Studio Solution File, Format Version 12.00
# Visual Studio Version 17
VisualStudioVersion = 17.3.32804.467
MinimumVisualStudioVersion = 10.0.40219.1
Project("{FAE04EC0-301F-11D3-BF4B-00C04F79EFBC}") = "PayPal REST API practice 1", "PayPal REST API practice 1\PayPal REST API practice 1.csproj", "{7AE94E58-E5C4-462E-A0CD-D0A97F586ACB}"
EndProject
Global
	GlobalSection(SolutionConfigurationPlatforms) = preSolution
		Debug|Any CPU = Debug|Any CPU
		Release|Any CPU = Release|Any CPU
	EndGlobalSection
	GlobalSection(ProjectConfigurationPlatforms) = postSolution
		{7AE94E58-E5C4-462E-A0CD-D0A97F586ACB}.Debug|Any CPU.ActiveCfg = Debug|Any CPU
		{7AE94E58-E5C4-462E-A0CD-D0A97F586ACB}.Debug|Any CPU.Build.0 = Debug|Any CPU
		{7AE94E58-E5C4-462E-A0CD-D0A97F586ACB}.Release|Any CPU.ActiveCfg = Release|Any CPU
		{7AE94E58-E5C4-462E-A0CD-D0A97F586ACB}.Release|Any CPU.Build.0 = Release|Any CPU
	EndGlobalSection
	GlobalSection(SolutionProperties) = preSolution
		HideSolutionNode = FALSE
	EndGlobalSection
	GlobalSection(ExtensibilityGlobals) = postSolution
		SolutionGuid = {ED22CFA7-59B9-4702-981F-EE4AA4F4D408}
	EndGlobalSection
EndGlobal
